
Microsoft Visual Studio Solution File, Format Version 12.00
# Visual Studio 15
VisualStudioVersion = 15.0.27130.2010
MinimumVisualStudioVersion = 10.0.40219.1
Project("{FAE04EC0-301F-11D3-BF4B-00C04F79EFBC}") = "Domain", "Domain\Domain.csproj", "{7F8E1B36-1EF6-47B3-A64E-81E17BB2E502}"
EndProject
Project("{FAE04EC0-301F-11D3-BF4B-00C04F79EFBC}") = "Dependee", "Dependee\Dependee.csproj", "{284CE43E-4AFC-4D98-9341-19873F37A17D}"
EndProject
Project("{FAE04EC0-301F-11D3-BF4B-00C04F79EFBC}") = "DomainInterfaces", "DomainInterfaces\DomainInterfaces.csproj", "{0943606A-A0E2-44DD-BB79-4061DEB43233}"
EndProject
Global
	GlobalSection(SolutionConfigurationPlatforms) = preSolution
		Debug|Any CPU = Debug|Any CPU
		Release|Any CPU = Release|Any CPU
	EndGlobalSection
	GlobalSection(ProjectConfigurationPlatforms) = postSolution
		{7F8E1B36-1EF6-47B3-A64E-81E17BB2E502}.Debug|Any CPU.ActiveCfg = Debug|Any CPU
		{7F8E1B36-1EF6-47B3-A64E-81E17BB2E502}.Debug|Any CPU.Build.0 = Debug|Any CPU
		{7F8E1B36-1EF6-47B3-A64E-81E17BB2E502}.Release|Any CPU.ActiveCfg = Release|Any CPU
		{7F8E1B36-1EF6-47B3-A64E-81E17BB2E502}.Release|Any CPU.Build.0 = Release|Any CPU
		{284CE43E-4AFC-4D98-9341-19873F37A17D}.Debug|Any CPU.ActiveCfg = Debug|Any CPU
		{284CE43E-4AFC-4D98-9341-19873F37A17D}.Debug|Any CPU.Build.0 = Debug|Any CPU
		{284CE43E-4AFC-4D98-9341-19873F37A17D}.Release|Any CPU.ActiveCfg = Release|Any CPU
		{284CE43E-4AFC-4D98-9341-19873F37A17D}.Release|Any CPU.Build.0 = Release|Any CPU
		{0943606A-A0E2-44DD-BB79-4061DEB43233}.Debug|Any CPU.ActiveCfg = Debug|Any CPU
		{0943606A-A0E2-44DD-BB79-4061DEB43233}.Debug|Any CPU.Build.0 = Debug|Any CPU
		{0943606A-A0E2-44DD-BB79-4061DEB43233}.Release|Any CPU.ActiveCfg = Release|Any CPU
		{0943606A-A0E2-44DD-BB79-4061DEB43233}.Release|Any CPU.Build.0 = Release|Any CPU
	EndGlobalSection
	GlobalSection(SolutionProperties) = preSolution
		HideSolutionNode = FALSE
	EndGlobalSection
	GlobalSection(ExtensibilityGlobals) = postSolution
		SolutionGuid = {77068E71-0D80-4A23-962B-C4AB2EF292DB}
	EndGlobalSection
EndGlobal
