
Microsoft Visual Studio Solution File, Format Version 12.00
# Visual Studio 15
VisualStudioVersion = 15.0.28307.271
MinimumVisualStudioVersion = 10.0.40219.1
Project("{FAE04EC0-301F-11D3-BF4B-00C04F79EFBC}") = "EntityFramework", "EntityFramework\EntityFramework.csproj", "{056ABFE9-0CBD-4476-8E71-E68DE970EC0E}"
EndProject
Project("{FAE04EC0-301F-11D3-BF4B-00C04F79EFBC}") = "ORM", "DataAccess\ORM.csproj", "{662E27F2-EE2E-4B72-A943-4F070657A9B8}"
EndProject
Project("{FAE04EC0-301F-11D3-BF4B-00C04F79EFBC}") = "Entities", "Entities\Entities.csproj", "{F8003B80-713D-4AAC-9AF8-E01DFA460EEE}"
EndProject
Global
	GlobalSection(SolutionConfigurationPlatforms) = preSolution
		Debug|Any CPU = Debug|Any CPU
		Release|Any CPU = Release|Any CPU
	EndGlobalSection
	GlobalSection(ProjectConfigurationPlatforms) = postSolution
		{056ABFE9-0CBD-4476-8E71-E68DE970EC0E}.Debug|Any CPU.ActiveCfg = Debug|Any CPU
		{056ABFE9-0CBD-4476-8E71-E68DE970EC0E}.Debug|Any CPU.Build.0 = Debug|Any CPU
		{056ABFE9-0CBD-4476-8E71-E68DE970EC0E}.Release|Any CPU.ActiveCfg = Release|Any CPU
		{056ABFE9-0CBD-4476-8E71-E68DE970EC0E}.Release|Any CPU.Build.0 = Release|Any CPU
		{662E27F2-EE2E-4B72-A943-4F070657A9B8}.Debug|Any CPU.ActiveCfg = Debug|Any CPU
		{662E27F2-EE2E-4B72-A943-4F070657A9B8}.Debug|Any CPU.Build.0 = Debug|Any CPU
		{662E27F2-EE2E-4B72-A943-4F070657A9B8}.Release|Any CPU.ActiveCfg = Release|Any CPU
		{662E27F2-EE2E-4B72-A943-4F070657A9B8}.Release|Any CPU.Build.0 = Release|Any CPU
		{F8003B80-713D-4AAC-9AF8-E01DFA460EEE}.Debug|Any CPU.ActiveCfg = Debug|Any CPU
		{F8003B80-713D-4AAC-9AF8-E01DFA460EEE}.Debug|Any CPU.Build.0 = Debug|Any CPU
		{F8003B80-713D-4AAC-9AF8-E01DFA460EEE}.Release|Any CPU.ActiveCfg = Release|Any CPU
		{F8003B80-713D-4AAC-9AF8-E01DFA460EEE}.Release|Any CPU.Build.0 = Release|Any CPU
	EndGlobalSection
	GlobalSection(SolutionProperties) = preSolution
		HideSolutionNode = FALSE
	EndGlobalSection
	GlobalSection(ExtensibilityGlobals) = postSolution
		SolutionGuid = {CB7BE142-14B4-4729-9E20-3520CB5A1341}
	EndGlobalSection
EndGlobal
